{
  "version": 4,
  "terraform_version": "1.4.2",
  "serial": 3,
  "lineage": "c87b7e5a-9161-48bf-0224-9ce6751d4ce5",
  "outputs": {},
  "resources": [
    {
      "module": "module.serverless-connector",
      "mode": "managed",
      "type": "google_vpc_access_connector",
      "name": "connector_beta",
      "provider": "provider[\"registry.terraform.io/hashicorp/google-beta\"]",
      "instances": [
        {
          "index_key": "test1",
          "schema_version": 0,
          "attributes": {
            "connected_projects": [],
            "id": "projects/apigeeproject-391817/locations/us-central1/connectors/test1",
            "ip_cidr_range": "",
            "machine_type": "e2-micro",
            "max_instances": 3,
            "max_throughput": 300,
            "min_instances": 2,
            "min_throughput": 200,
            "name": "test1",
            "network": "test-vpc",
            "project": "apigeeproject-391817",
            "region": "us-central1",
            "self_link": "projects/apigeeproject-391817/locations/us-central1/connectors/test1",
            "state": "READY",
            "subnet": [
              {
                "name": "connector-test",
                "project_id": "apigeeproject-391817"
              }
            ],
            "timeouts": null
          },
          "sensitive_attributes": [],
          "private": "eyJlMmJmYjczMC1lY2FhLTExZTYtOGY4OC0zNDM2M2JjN2M0YzAiOnsiY3JlYXRlIjoxMjAwMDAwMDAwMDAwLCJkZWxldGUiOjEyMDAwMDAwMDAwMDB9fQ=="
        }
      ]
    }
  ],
  "check_results": null
}
