{
  "version": 4,
  "terraform_version": "1.4.2",
  "serial": 4,
  "lineage": "a8af8e73-95b4-0a41-51bc-4712675ca06a",
  "outputs": {},
  "resources": [
    {
      "module": "module.api-gateway",
      "mode": "managed",
      "type": "google_api_gateway_api",
      "name": "api",
      "provider": "provider[\"registry.terraform.io/hashicorp/google-beta\"]",
      "instances": [
        {
          "schema_version": 0,
          "attributes": {
            "api_id": "testid",
            "create_time": "2023-08-17T06:27:11.302971091Z",
            "display_name": "testid",
            "id": "projects/apigeeproject-391817/locations/global/apis/testid",
            "labels": null,
            "managed_service": "testid-28nhlbb7uf7gg.apigateway.apigeeproject-391817.cloud.goog",
            "name": "projects/apigeeproject-391817/locations/global/apis/testid",
            "project": "apigeeproject-391817",
            "timeouts": null
          },
          "sensitive_attributes": [],
          "private": "eyJlMmJmYjczMC1lY2FhLTExZTYtOGY4OC0zNDM2M2JjN2M0YzAiOnsiY3JlYXRlIjoxMjAwMDAwMDAwMDAwLCJkZWxldGUiOjEyMDAwMDAwMDAwMDAsInVwZGF0ZSI6MTIwMDAwMDAwMDAwMH19"
        }
      ]
    },
    {
      "module": "module.api-gateway",
      "mode": "managed",
      "type": "google_api_gateway_api_config",
      "name": "api_cfg",
      "provider": "provider[\"registry.terraform.io/hashicorp/google-beta\"]",
      "instances": [
        {
          "schema_version": 0,
          "attributes": {
            "api": "testid",
            "api_config_id": "testid",
            "api_config_id_prefix": null,
            "display_name": "testid",
            "gateway_config": [],
            "grpc_services": [],
            "id": "projects/apigeeproject-391817/locations/global/apis/testid/configs/testid",
            "labels": null,
            "managed_service_configs": [],
            "name": "projects/65291720241/locations/global/apis/testid/configs/testid",
            "openapi_documents": [
              {
                "document": [
                  {
                    "contents": "c3dhZ2dlcjogJzIuMCcKaW5mbzoKICB0aXRsZTogdGVzdGFwaS1uZXcgCiAgZGVzY3JpcHRpb246IFNhbXBsZSBBUEkgb24gQVBJIEdhdGV3YXkgd2l0aCBhIENsb3VkIFJ1biBiYWNrZW5kCiAgdmVyc2lvbjogMS4wLjAKc2NoZW1lczoKLSBodHRwcwpwcm9kdWNlczoKLSBhcHBsaWNhdGlvbi9qc29uCngtZ29vZ2xlLWJhY2tlbmQ6CiAgYWRkcmVzczogaHR0cHM6Ly90ZXN0LW5naW54LWFueGZvNDZqdWEtdWMuYS5ydW4uYXBwICAgCnBhdGhzOgogIC86CiAgICBnZXQ6CiAgICAgIHN1bW1hcnk6IENsb3VkIFJ1biBoZWxsbyB3b3JsZAogICAgICBvcGVyYXRpb25JZDogaGVsbG8KICAgICAgcmVzcG9uc2VzOgogICAgICAgICcyMDAnOgogICAgICAgICAgZGVzY3JpcHRpb246IEEgc3VjY2Vzc2Z1bCByZXNwb25zZQogICAgICAgICAgc2NoZW1hOgogICAgICAgICAgICB0eXBlOiBzdHJpbmcK",
                    "path": "openapi.yml"
                  }
                ]
              }
            ],
            "project": "apigeeproject-391817",
            "service_config_id": "testid-2udzcdjpur9q6",
            "timeouts": null
          },
          "sensitive_attributes": [],
          "private": "eyJlMmJmYjczMC1lY2FhLTExZTYtOGY4OC0zNDM2M2JjN2M0YzAiOnsiY3JlYXRlIjoxMjAwMDAwMDAwMDAwLCJkZWxldGUiOjEyMDAwMDAwMDAwMDAsInVwZGF0ZSI6MTIwMDAwMDAwMDAwMH19",
          "dependencies": [
            "module.api-gateway.google_api_gateway_api.api"
          ]
        }
      ]
    },
    {
      "module": "module.api-gateway",
      "mode": "managed",
      "type": "google_api_gateway_gateway",
      "name": "api_gw",
      "provider": "provider[\"registry.terraform.io/hashicorp/google-beta\"]",
      "instances": [
        {
          "schema_version": 0,
          "attributes": {
            "api_config": "projects/65291720241/locations/global/apis/testid/configs/testid",
            "default_hostname": "testid-tzt05rl.uc.gateway.dev",
            "display_name": "testid",
            "gateway_id": "testid",
            "id": "projects/apigeeproject-391817/locations/us-central1/gateways/testid",
            "labels": null,
            "name": "projects/apigeeproject-391817/locations/us-central1/gateways/testid",
            "project": "apigeeproject-391817",
            "region": null,
            "timeouts": null
          },
          "sensitive_attributes": [],
          "private": "eyJlMmJmYjczMC1lY2FhLTExZTYtOGY4OC0zNDM2M2JjN2M0YzAiOnsiY3JlYXRlIjoxMjAwMDAwMDAwMDAwLCJkZWxldGUiOjEyMDAwMDAwMDAwMDAsInVwZGF0ZSI6MTIwMDAwMDAwMDAwMH19",
          "dependencies": [
            "module.api-gateway.google_api_gateway_api.api",
            "module.api-gateway.google_api_gateway_api_config.api_cfg"
          ]
        }
      ]
    }
  ],
  "check_results": null
}
